
Microsoft Visual Studio Solution File, Format Version 12.00
# Visual Studio Version 17
VisualStudioVersion = 17.3.32811.315
MinimumVisualStudioVersion = 10.0.40219.1
Project("{9A19103F-16F7-4668-BE54-9A1E7A4F7556}") = "CarService", "CarService\CarService.csproj", "{AFB16507-33E3-4552-B15E-149BDB1B3BBA}"
EndProject
Project("{54435603-DBB4-11D2-8724-00A0C9A8B90C}") = "CarServiceSetup", "CarServiceSetup\CarServiceSetup.vdproj", "{8012BDCA-9424-42E8-B894-C73984E7DF75}"
EndProject
Global
	GlobalSection(SolutionConfigurationPlatforms) = preSolution
		Debug|Any CPU = Debug|Any CPU
		Release|Any CPU = Release|Any CPU
	EndGlobalSection
	GlobalSection(ProjectConfigurationPlatforms) = postSolution
		{AFB16507-33E3-4552-B15E-149BDB1B3BBA}.Debug|Any CPU.ActiveCfg = Debug|Any CPU
		{AFB16507-33E3-4552-B15E-149BDB1B3BBA}.Debug|Any CPU.Build.0 = Debug|Any CPU
		{AFB16507-33E3-4552-B15E-149BDB1B3BBA}.Release|Any CPU.ActiveCfg = Release|Any CPU
		{AFB16507-33E3-4552-B15E-149BDB1B3BBA}.Release|Any CPU.Build.0 = Release|Any CPU
		{8012BDCA-9424-42E8-B894-C73984E7DF75}.Debug|Any CPU.ActiveCfg = Debug
		{8012BDCA-9424-42E8-B894-C73984E7DF75}.Release|Any CPU.ActiveCfg = Release
	EndGlobalSection
	GlobalSection(SolutionProperties) = preSolution
		HideSolutionNode = FALSE
	EndGlobalSection
	GlobalSection(ExtensibilityGlobals) = postSolution
		SolutionGuid = {88CAD9A8-A079-4797-BC9E-F162CFE60E0E}
	EndGlobalSection
EndGlobal
